# This file is automatically @generated by Cargo.
# It is not intended for manual editing.
version = 4

[[package]]
name = "hashbrown"
version = "0.14.5"
source = "registry+https://github.com/rust-lang/crates.io-index"
checksum = "e5274423e17b7c9fc20b6e7e208532f9b19825d82dfd615708b70edd83df41f1"

[[package]]
name = "log"
version = "0.4.22"
source = "registry+https://github.com/rust-lang/crates.io-index"
checksum = "a7a70ba024b9dc04c27ea2f0c0548feb474ec5c54bba33a7f72f873a39d07b24"

[[package]]
name = "rabuka_engine"
version = "0.1.0"
dependencies = [
 "hashbrown",
 "log",
 "smallvec",
]

[[package]]
name = "rabuka_snes"
version = "0.1.0"
dependencies = [
 "rabuka_engine",
]

[[package]]
name = "smallvec"
version = "1.15.2"
