# This file is automatically @generated by Cargo.
# It is not intended for manual editing.
version = 4

[[package]]
name = "hashbrown"
version = "0.14.5"
source = "registry+https://github.com/rust-lang/crates.io-index"
checksum = "e5274423e17b7c9fc20b6e7e208532f9b19825d82dfd615708b70edd83df41f1"

[[package]]
name = "linked_list_allocator"
version = "0.10.6"
source = "registry+https://github.com/rust-lang/crates.io-index"
checksum = "2b23ac50abb8261cb38c6e2a7192d3302e0836dac1628f6a93b82b4fad185897"

[[package]]
name = "log"
version = "0.4.22"
source = "registry+https://github.com/rust-lang/crates.io-index"
checksum = "a7a70ba024b9dc04c27ea2f0c0548feb474ec5c54bba33a7f72f873a39d07b24"

[[package]]
name = "psx"
version = "0.1.8"
source = "git+https://github.com/ayrtonm/psx-sdk-rs?branch=main#800e44369a6aae612e93a602b5c52d5cb9855799"
dependencies = [
 "linked_list_allocator",
]

[[package]]
name = "rabuka_engine"
version = "0.1.0"
dependencies = [
 "hashbrown",
 "log",
 "smallvec",
]

[[package]]
name = "rabuka_ps1"
version = "0.1.0"
dependencies = [
 "log",
 "psx",
 "rabuka_engine",
]

[[package]]
name = "smallvec"
version = "1.15.2"
source = "registry+https://github.com/rust-lang/crates.io-index"
checksum = "8ed6a63f02c8539c91a8685a86f4099661ba3da017932f6ebbea6de3f0fa7c90"
